// !$*UTF8*$!
{
	archiveVersion = 1;
	classes = {
	};
	objectVersion = 50;
	objects = {

/* Begin PBXBuildFile section */
		BC71EBB530A6055E3310F1CE /* Pods_FoodTime.framework in Frameworks */ = {isa = PBXBuildFile; fileRef = B6AB2096487B6331FEF3FFA1 /* Pods_FoodTime.framework */; };
		C414FECD20F68EB1008D5AE5 /* GetStartedViewController.swift in Sources */ = {isa = PBXBuildFile; fileRef = C414FECC20F68EB1008D5AE5 /* GetStartedViewController.swift */; };
		C4182B5C2108F7B1004AE88E /* ModelDB.swift in Sources */ = {isa = PBXBuildFile; fileRef = C4182B5B2108F7B1004AE88E /* ModelDB.swift */; };
		C45C9BFE20F69A32004A4369 /* LoginViewController.swift in Sources */ = {isa = PBXBuildFile; fileRef = C45C9BFD20F69A32004A4369 /* LoginViewController.swift */; };
		C45C9C0220FEAD58004A4369 /* UILabels.swift in Sources */ = {isa = PBXBuildFile; fileRef = C45C9C0120FEAD58004A4369 /* UILabels.swift */; };
		C45C9C0920FFA9F3004A4369 /* Localizable.strings in Resources */ = {isa = PBXBuildFile; fileRef = C45C9C0B20FFA9F3004A4369 /* Localizable.strings */; };
		C45C9C0F20FFB6A9004A4369 /* Roboto in Resources */ = {isa = PBXBuildFile; fileRef = C45C9C0E20FFB6A9004A4369 /* Roboto */; };
		C4923A2520F556F500641EA9 /* AppDelegate.swift in Sources */ = {isa = PBXBuildFile; fileRef = C4923A2420F556F500641EA9 /* AppDelegate.swift */; };
		C4923A2A20F556F500641EA9 /* Main.storyboard in Resources */ = {isa = PBXBuildFile; fileRef = C4923A2820F556F500641EA9 /* Main.storyboard */; };
		C4923A2C20F556FD00641EA9 /* Assets.xcassets in Resources */ = {isa = PBXBuildFile; fileRef = C4923A2B20F556FD00641EA9 /* Assets.xcassets */; };
		C4923A2F20F556FD00641EA9 /* LaunchScreen.storyboard in Resources */ = {isa = PBXBuildFile; fileRef = C4923A2D20F556FD00641EA9 /* LaunchScreen.storyboard */; };
		C4923A3720F5573100641EA9 /* GoogleService-Info.plist in Resources */ = {isa = PBXBuildFile; fileRef = C4923A3620F5573100641EA9 /* GoogleService-Info.plist */; };
		C4A1A123210F8BD000DFC005 /* CaseIterable.swift in Sources */ = {isa = PBXBuildFile; fileRef = C4A1A122210F8BD000DFC005 /* CaseIterable.swift */; };
		C4A1A125210F97F600DFC005 /* Tastes.swift in Sources */ = {isa = PBXBuildFile; fileRef = C4A1A124210F97F600DFC005 /* Tastes.swift */; };
		C4F848DE21092E17009EDBBD /* ChoiceTypeFoodTableViewCell.swift in Sources */ = {isa = PBXBuildFile; fileRef = C4F848DD21092E17009EDBBD /* ChoiceTypeFoodTableViewCell.swift */; };
		C4F848E021094078009EDBBD /* ChoiceTypeDrinkViewController.swift in Sources */ = {isa = PBXBuildFile; fileRef = C4F848DF21094077009EDBBD /* ChoiceTypeDrinkViewController.swift */; };
		C4F848E221094215009EDBBD /* ChoiceTypeDrinkTableViewCell.swift in Sources */ = {isa = PBXBuildFile; fileRef = C4F848E121094215009EDBBD /* ChoiceTypeDrinkTableViewCell.swift */; };
		C4F848E4210A397C009EDBBD /* ChoiceNotificationViewController.swift in Sources */ = {isa = PBXBuildFile; fileRef = C4F848E3210A397C009EDBBD /* ChoiceNotificationViewController.swift */; };
		C4F848E6210A4E25009EDBBD /* Settings.swift in Sources */ = {isa = PBXBuildFile; fileRef = C4F848E5210A4E25009EDBBD /* Settings.swift */; };
		C4F848EB210A65BD009EDBBD /* TypePlace.swift in Sources */ = {isa = PBXBuildFile; fileRef = C4F848EA210A65BD009EDBBD /* TypePlace.swift */; };
		C4F848EF210A6B16009EDBBD /* TypeFood.swift in Sources */ = {isa = PBXBuildFile; fileRef = C4F848EE210A6B16009EDBBD /* TypeFood.swift */; };
		C4F848F1210A6CD0009EDBBD /* TypeDrink.swift in Sources */ = {isa = PBXBuildFile; fileRef = C4F848F0210A6CD0009EDBBD /* TypeDrink.swift */; };
		F4121DF02106585300252594 /* EmailLoginViewController.swift in Sources */ = {isa = PBXBuildFile; fileRef = F4121DEF2106585300252594 /* EmailLoginViewController.swift */; };
		F4121DF3210660AF00252594 /* UIViewController.swift in Sources */ = {isa = PBXBuildFile; fileRef = F4121DF2210660AF00252594 /* UIViewController.swift */; };
		F4121DF521068DA500252594 /* GetStartedChoiceCreationViewController.swift in Sources */ = {isa = PBXBuildFile; fileRef = F4121DF421068DA500252594 /* GetStartedChoiceCreationViewController.swift */; };
		F4121DF72106951C00252594 /* CreateUserAccountViewController.swift in Sources */ = {isa = PBXBuildFile; fileRef = F4121DF62106951C00252594 /* CreateUserAccountViewController.swift */; };
		F4121DF92106986D00252594 /* UIMessages.swift in Sources */ = {isa = PBXBuildFile; fileRef = F4121DF82106986D00252594 /* UIMessages.swift */; };
		F42998B420FD50820035A717 /* Service.swift in Sources */ = {isa = PBXBuildFile; fileRef = F42998B320FD50820035A717 /* Service.swift */; };
		F44C64AA2107C514003B8039 /* ChoiceTypeFoodViewController.swift in Sources */ = {isa = PBXBuildFile; fileRef = F44C64A92107C514003B8039 /* ChoiceTypeFoodViewController.swift */; };
		F44C64AC2107C5F7003B8039 /* ChoiceUserPageViewController.swift in Sources */ = {isa = PBXBuildFile; fileRef = F44C64AB2107C5F7003B8039 /* ChoiceUserPageViewController.swift */; };
		F44C64AE2107FE43003B8039 /* UIPageViewController.swift in Sources */ = {isa = PBXBuildFile; fileRef = F44C64AD2107FE43003B8039 /* UIPageViewController.swift */; };
		F44C64B121080137003B8039 /* PageObservation.swift in Sources */ = {isa = PBXBuildFile; fileRef = F44C64B021080137003B8039 /* PageObservation.swift */; };
		F471F5BD21112DC7001AA9E2 /* SearchPlaceViewController.swift in Sources */ = {isa = PBXBuildFile; fileRef = F471F5BC21112DC6001AA9E2 /* SearchPlaceViewController.swift */; };
		F4A8ED6B21010DC6007FAB61 /* User.swift in Sources */ = {isa = PBXBuildFile; fileRef = F4A8ED6A21010DC6007FAB61 /* User.swift */; };
		F4A8ED6D21014507007FAB61 /* ChoicePlaceViewController.swift in Sources */ = {isa = PBXBuildFile; fileRef = F4A8ED6C21014507007FAB61 /* ChoicePlaceViewController.swift */; };
		F4A8ED6F21014517007FAB61 /* HomeViewController.swift in Sources */ = {isa = PBXBuildFile; fileRef = F4A8ED6E21014517007FAB61 /* HomeViewController.swift */; };
		F4C2443A2117BED500EFC64E /* Float.swift in Sources */ = {isa = PBXBuildFile; fileRef = F4C244392117BED500EFC64E /* Float.swift */; };
		F4F28CA6211139230095E29F /* SearchPlaceTableViewCell.swift in Sources */ = {isa = PBXBuildFile; fileRef = F4F28CA5211139230095E29F /* SearchPlaceTableViewCell.swift */; };
		F4F28CA82112AC670095E29F /* SearchPlaceDetailTableViewCell.swift in Sources */ = {isa = PBXBuildFile; fileRef = F4F28CA72112AC660095E29F /* SearchPlaceDetailTableViewCell.swift */; };
		F4F28CAA2112AC890095E29F /* SearchPlaceDetailViewController.swift in Sources */ = {isa = PBXBuildFile; fileRef = F4F28CA92112AC890095E29F /* SearchPlaceDetailViewController.swift */; };
		F4F28CAC211374DF0095E29F /* SearchPlaceMapViewController.swift in Sources */ = {isa = PBXBuildFile; fileRef = F4F28CAB211374DF0095E29F /* SearchPlaceMapViewController.swift */; };
		F4F28CB0211396720095E29F /* CCLocationDistance.swift in Sources */ = {isa = PBXBuildFile; fileRef = F4F28CAF211396720095E29F /* CCLocationDistance.swift */; };
		F4F28CB22113A94C0095E29F /* Place.swift in Sources */ = {isa = PBXBuildFile; fileRef = F4F28CB12113A94C0095E29F /* Place.swift */; };
/* End PBXBuildFile section */

/* Begin PBXFileReference section */
		5F2167EDE4B7B1C0E2D9FDDC /* Pods-FoodTime.debug.xcconfig */ = {isa = PBXFileReference; includeInIndex = 1; lastKnownFileType = text.xcconfig; name = "Pods-FoodTime.debug.xcconfig"; path = "Pods/Target Support Files/Pods-FoodTime/Pods-FoodTime.debug.xcconfig"; sourceTree = "<group>"; };
		B6AB2096487B6331FEF3FFA1 /* Pods_FoodTime.framework */ = {isa = PBXFileReference; explicitFileType = wrapper.framework; includeInIndex = 0; path = Pods_FoodTime.framework; sourceTree = BUILT_PRODUCTS_DIR; };
		C414FECC20F68EB1008D5AE5 /* GetStartedViewController.swift */ = {isa = PBXFileReference; lastKnownFileType = sourcecode.swift; path = GetStartedViewController.swift; sourceTree = "<group>"; };
		C4182B5B2108F7B1004AE88E /* ModelDB.swift */ = {isa = PBXFileReference; lastKnownFileType = sourcecode.swift; path = ModelDB.swift; sourceTree = "<group>"; };
		C45C9BFD20F69A32004A4369 /* LoginViewController.swift */ = {isa = PBXFileReference; lastKnownFileType = sourcecode.swift; path = LoginViewController.swift; sourceTree = "<group>"; };
		C45C9C0020FEAAEC004A4369 /* en */ = {isa = PBXFileReference; lastKnownFileType = text.plist.strings; name = en; path = en.lproj/Main.strings; sourceTree = "<group>"; };
		C45C9C0120FEAD58004A4369 /* UILabels.swift */ = {isa = PBXFileReference; lastKnownFileType = sourcecode.swift; path = UILabels.swift; sourceTree = "<group>"; };
		C45C9C0320FEB1B1004A4369 /* fr */ = {isa = PBXFileReference; lastKnownFileType = text.plist.strings; name = fr; path = fr.lproj/Main.strings; sourceTree = "<group>"; };
		C45C9C0420FEB1B1004A4369 /* fr */ = {isa = PBXFileReference; lastKnownFileType = text.plist.strings; name = fr; path = fr.lproj/LaunchScreen.strings; sourceTree = "<group>"; };
		C45C9C0620FFA930004A4369 /* en */ = {isa = PBXFileReference; lastKnownFileType = text.plist.strings; name = en; path = en.lproj/LaunchScreen.strings; sourceTree = "<group>"; };
		C45C9C0A20FFA9F3004A4369 /* en */ = {isa = PBXFileReference; lastKnownFileType = text.plist.strings; name = en; path = en.lproj/Localizable.strings; sourceTree = "<group>"; };
		C45C9C0C20FFA9F5004A4369 /* fr */ = {isa = PBXFileReference; lastKnownFileType = text.plist.strings; name = fr; path = fr.lproj/Localizable.strings; sourceTree = "<group>"; };
		C45C9C0E20FFB6A9004A4369 /* Roboto */ = {isa = PBXFileReference; lastKnownFileType = folder; path = Roboto; sourceTree = "<group>"; };
		C4923A2120F556F500641EA9 /* FoodTime.app */ = {isa = PBXFileReference; explicitFileType = wrapper.application; includeInIndex = 0; path = FoodTime.app; sourceTree = BUILT_PRODUCTS_DIR; };
		C4923A2420F556F500641EA9 /* AppDelegate.swift */ = {isa = PBXFileReference; lastKnownFileType = sourcecode.swift; path = AppDelegate.swift; sourceTree = "<group>"; };
		C4923A2920F556F500641EA9 /* Base */ = {isa = PBXFileReference; lastKnownFileType = file.storyboard; name = Base; path = Base.lproj/Main.storyboard; sourceTree = "<group>"; };
		C4923A2B20F556FD00641EA9 /* Assets.xcassets */ = {isa = PBXFileReference; lastKnownFileType = folder.assetcatalog; path = Assets.xcassets; sourceTree = "<group>"; };
		C4923A2E20F556FD00641EA9 /* Base */ = {isa = PBXFileReference; lastKnownFileType = file.storyboard; name = Base; path = Base.lproj/LaunchScreen.storyboard; sourceTree = "<group>"; };
		C4923A3020F556FD00641EA9 /* Info.plist */ = {isa = PBXFileReference; lastKnownFileType = text.plist.xml; path = Info.plist; sourceTree = "<group>"; };
		C4923A3620F5573100641EA9 /* GoogleService-Info.plist */ = {isa = PBXFileReference; fileEncoding = 4; lastKnownFileType = text.plist.xml; path = "GoogleService-Info.plist"; sourceTree = "<group>"; };
		C4A1A122210F8BD000DFC005 /* CaseIterable.swift */ = {isa = PBXFileReference; lastKnownFileType = sourcecode.swift; path = CaseIterable.swift; sourceTree = "<group>"; };
		C4A1A124210F97F600DFC005 /* Tastes.swift */ = {isa = PBXFileReference; lastKnownFileType = sourcecode.swift; path = Tastes.swift; sourceTree = "<group>"; };
		C4F848DD21092E17009EDBBD /* ChoiceTypeFoodTableViewCell.swift */ = {isa = PBXFileReference; lastKnownFileType = sourcecode.swift; path = ChoiceTypeFoodTableViewCell.swift; sourceTree = "<group>"; };
		C4F848DF21094077009EDBBD /* ChoiceTypeDrinkViewController.swift */ = {isa = PBXFileReference; lastKnownFileType = sourcecode.swift; path = ChoiceTypeDrinkViewController.swift; sourceTree = "<group>"; };
		C4F848E121094215009EDBBD /* ChoiceTypeDrinkTableViewCell.swift */ = {isa = PBXFileReference; lastKnownFileType = sourcecode.swift; path = ChoiceTypeDrinkTableViewCell.swift; sourceTree = "<group>"; };
		C4F848E3210A397C009EDBBD /* ChoiceNotificationViewController.swift */ = {isa = PBXFileReference; lastKnownFileType = sourcecode.swift; path = ChoiceNotificationViewController.swift; sourceTree = "<group>"; };
		C4F848E5210A4E25009EDBBD /* Settings.swift */ = {isa = PBXFileReference; lastKnownFileType = sourcecode.swift; path = Settings.swift; sourceTree = "<group>"; };
		C4F848EA210A65BD009EDBBD /* TypePlace.swift */ = {isa = PBXFileReference; lastKnownFileType = sourcecode.swift; path = TypePlace.swift; sourceTree = "<group>"; };
		C4F848EE210A6B16009EDBBD /* TypeFood.swift */ = {isa = PBXFileReference; lastKnownFileType = sourcecode.swift; path = TypeFood.swift; sourceTree = "<group>"; };
		C4F848F0210A6CD0009EDBBD /* TypeDrink.swift */ = {isa = PBXFileReference; lastKnownFileType = sourcecode.swift; path = TypeDrink.swift; sourceTree = "<group>"; };
		DD15A0B6A377C607834AE140 /* Pods-FoodTime.release.xcconfig */ = {isa = PBXFileReference; includeInIndex = 1; lastKnownFileType = text.xcconfig; name = "Pods-FoodTime.release.xcconfig"; path = "Pods/Target Support Files/Pods-FoodTime/Pods-FoodTime.release.xcconfig"; sourceTree = "<group>"; };
		F4121DEF2106585300252594 /* EmailLoginViewController.swift */ = {isa = PBXFileReference; lastKnownFileType = sourcecode.swift; path = EmailLoginViewController.swift; sourceTree = "<group>"; };
		F4121DF2210660AF00252594 /* UIViewController.swift */ = {isa = PBXFileReference; lastKnownFileType = sourcecode.swift; path = UIViewController.swift; sourceTree = "<group>"; };
		F4121DF421068DA500252594 /* GetStartedChoiceCreationViewController.swift */ = {isa = PBXFileReference; lastKnownFileType = sourcecode.swift; path = GetStartedChoiceCreationViewController.swift; sourceTree = "<group>"; };
		F4121DF62106951C00252594 /* CreateUserAccountViewController.swift */ = {isa = PBXFileReference; lastKnownFileType = sourcecode.swift; path = CreateUserAccountViewController.swift; sourceTree = "<group>"; };
		F4121DF82106986D00252594 /* UIMessages.swift */ = {isa = PBXFileReference; lastKnownFileType = sourcecode.swift; path = UIMessages.swift; sourceTree = "<group>"; };
		F42998B220FD46BA0035A717 /* FoodTime.entitlements */ = {isa = PBXFileReference; lastKnownFileType = text.plist.entitlements; path = FoodTime.entitlements; sourceTree = "<group>"; };
		F42998B320FD50820035A717 /* Service.swift */ = {isa = PBXFileReference; lastKnownFileType = sourcecode.swift; path = Service.swift; sourceTree = "<group>"; };
		F44C64A92107C514003B8039 /* ChoiceTypeFoodViewController.swift */ = {isa = PBXFileReference; lastKnownFileType = sourcecode.swift; path = ChoiceTypeFoodViewController.swift; sourceTree = "<group>"; };
		F44C64AB2107C5F7003B8039 /* ChoiceUserPageViewController.swift */ = {isa = PBXFileReference; lastKnownFileType = sourcecode.swift; path = ChoiceUserPageViewController.swift; sourceTree = "<group>"; };
		F44C64AD2107FE43003B8039 /* UIPageViewController.swift */ = {isa = PBXFileReference; lastKnownFileType = sourcecode.swift; path = UIPageViewController.swift; sourceTree = "<group>"; };
		F44C64B021080137003B8039 /* PageObservation.swift */ = {isa = PBXFileReference; lastKnownFileType = sourcecode.swift; path = PageObservation.swift; sourceTree = "<group>"; };
		F471F5BC21112DC6001AA9E2 /* SearchPlaceViewController.swift */ = {isa = PBXFileReference; lastKnownFileType = sourcecode.swift; path = SearchPlaceViewController.swift; sourceTree = "<group>"; };
		F4A8ED6A21010DC6007FAB61 /* User.swift */ = {isa = PBXFileReference; lastKnownFileType = sourcecode.swift; name = User.swift; path = "FoodTime/Supporting files/User.swift"; sourceTree = SOURCE_ROOT; };
		F4A8ED6C21014507007FAB61 /* ChoicePlaceViewController.swift */ = {isa = PBXFileReference; lastKnownFileType = sourcecode.swift; path = ChoicePlaceViewController.swift; sourceTree = "<group>"; };
		F4A8ED6E21014517007FAB61 /* HomeViewController.swift */ = {isa = PBXFileReference; lastKnownFileType = sourcecode.swift; path = HomeViewController.swift; sourceTree = "<group>"; };
		F4C244392117BED500EFC64E /* Float.swift */ = {isa = PBXFileReference; lastKnownFileType = sourcecode.swift; path = Float.swift; sourceTree = "<group>"; };
		F4F28CA5211139230095E29F /* SearchPlaceTableViewCell.swift */ = {isa = PBXFileReference; lastKnownFileType = sourcecode.swift; path = SearchPlaceTableViewCell.swift; sourceTree = "<group>"; };
		F4F28CA72112AC660095E29F /* SearchPlaceDetailTableViewCell.swift */ = {isa = PBXFileReference; lastKnownFileType = sourcecode.swift; path = SearchPlaceDetailTableViewCell.swift; sourceTree = "<group>"; };
		F4F28CA92112AC890095E29F /* SearchPlaceDetailViewController.swift */ = {isa = PBXFileReference; lastKnownFileType = sourcecode.swift; path = SearchPlaceDetailViewController.swift; sourceTree = "<group>"; };
		F4F28CAB211374DF0095E29F /* SearchPlaceMapViewController.swift */ = {isa = PBXFileReference; lastKnownFileType = sourcecode.swift; path = SearchPlaceMapViewController.swift; sourceTree = "<group>"; };
		F4F28CAF211396720095E29F /* CCLocationDistance.swift */ = {isa = PBXFileReference; lastKnownFileType = sourcecode.swift; path = CCLocationDistance.swift; sourceTree = "<group>"; };
		F4F28CB12113A94C0095E29F /* Place.swift */ = {isa = PBXFileReference; lastKnownFileType = sourcecode.swift; path = Place.swift; sourceTree = "<group>"; };
/* End PBXFileReference section */

/* Begin PBXFrameworksBuildPhase section */
		C4923A1E20F556F500641EA9 /* Frameworks */ = {
			isa = PBXFrameworksBuildPhase;
			buildActionMask = 2147483647;
			files = (
				BC71EBB530A6055E3310F1CE /* Pods_FoodTime.framework in Frameworks */,
			);
			runOnlyForDeploymentPostprocessing = 0;
		};
/* End PBXFrameworksBuildPhase section */

/* Begin PBXGroup section */
		7C6D6E0A64D34B1E97F89CFB /* Pods */ = {
			isa = PBXGroup;
			children = (
				5F2167EDE4B7B1C0E2D9FDDC /* Pods-FoodTime.debug.xcconfig */,
				DD15A0B6A377C607834AE140 /* Pods-FoodTime.release.xcconfig */,
			);
			name = Pods;
			sourceTree = "<group>";
		};
		BD1943D70EDDFAA1BFE4DD11 /* Frameworks */ = {
			isa = PBXGroup;
			children = (
				B6AB2096487B6331FEF3FFA1 /* Pods_FoodTime.framework */,
			);
			name = Frameworks;
			sourceTree = "<group>";
		};
		C414FEC820F68614008D5AE5 /* Model */ = {
			isa = PBXGroup;
			children = (
				C4F848E9210A6584009EDBBD /* Enum */,
				F4A8ED6A21010DC6007FAB61 /* User.swift */,
				C4182B5B2108F7B1004AE88E /* ModelDB.swift */,
				C4F848E5210A4E25009EDBBD /* Settings.swift */,
				C4A1A124210F97F600DFC005 /* Tastes.swift */,
				F4F28CB12113A94C0095E29F /* Place.swift */,
			);
			path = Model;
			sourceTree = "<group>";
		};
		C414FEC920F686AB008D5AE5 /* View */ = {
			isa = PBXGroup;
			children = (
				C4923A2820F556F500641EA9 /* Main.storyboard */,
				C4923A2D20F556FD00641EA9 /* LaunchScreen.storyboard */,
			);
			name = View;
			path = "New Group1";
			sourceTree = "<group>";
		};
		C414FECA20F686B1008D5AE5 /* Controller */ = {
			isa = PBXGroup;
			children = (
				C4F848DC21092DFD009EDBBD /* TableViewCell */,
				F4121DF12106609200252594 /* Extension */,
				C414FECC20F68EB1008D5AE5 /* GetStartedViewController.swift */,
				F4121DF421068DA500252594 /* GetStartedChoiceCreationViewController.swift */,
				C45C9BFD20F69A32004A4369 /* LoginViewController.swift */,
				F4121DEF2106585300252594 /* EmailLoginViewController.swift */,
				F4A8ED6C21014507007FAB61 /* ChoicePlaceViewController.swift */,
				F4A8ED6E21014517007FAB61 /* HomeViewController.swift */,
				F4121DF62106951C00252594 /* CreateUserAccountViewController.swift */,
				F44C64A92107C514003B8039 /* ChoiceTypeFoodViewController.swift */,
				F44C64AB2107C5F7003B8039 /* ChoiceUserPageViewController.swift */,
				C4F848DF21094077009EDBBD /* ChoiceTypeDrinkViewController.swift */,
				C4F848E3210A397C009EDBBD /* ChoiceNotificationViewController.swift */,
				F471F5BC21112DC6001AA9E2 /* SearchPlaceViewController.swift */,
				F4F28CA92112AC890095E29F /* SearchPlaceDetailViewController.swift */,
				F4F28CAB211374DF0095E29F /* SearchPlaceMapViewController.swift */,
			);
			path = Controller;
			sourceTree = "<group>";
		};
		C414FECB20F686BF008D5AE5 /* Supporting files */ = {
			isa = PBXGroup;
			children = (
				C45C9C0D20FFB684004A4369 /* Fonts */,
				C4923A2420F556F500641EA9 /* AppDelegate.swift */,
				C4923A2B20F556FD00641EA9 /* Assets.xcassets */,
				C4923A3020F556FD00641EA9 /* Info.plist */,
				C4923A3620F5573100641EA9 /* GoogleService-Info.plist */,
				F42998B320FD50820035A717 /* Service.swift */,
				C45C9C0120FEAD58004A4369 /* UILabels.swift */,
				C45C9C0B20FFA9F3004A4369 /* Localizable.strings */,
				F4121DF82106986D00252594 /* UIMessages.swift */,
			);
			path = "Supporting files";
			sourceTree = "<group>";
		};
		C45C9C0D20FFB684004A4369 /* Fonts */ = {
			isa = PBXGroup;
			children = (
				C45C9C0E20FFB6A9004A4369 /* Roboto */,
			);
			path = Fonts;
			sourceTree = "<group>";
		};
		C4923A1820F556F400641EA9 = {
			isa = PBXGroup;
			children = (
				C4923A2320F556F500641EA9 /* FoodTime */,
				C4923A2220F556F500641EA9 /* Products */,
				7C6D6E0A64D34B1E97F89CFB /* Pods */,
				BD1943D70EDDFAA1BFE4DD11 /* Frameworks */,
			);
			sourceTree = "<group>";
		};
		C4923A2220F556F500641EA9 /* Products */ = {
			isa = PBXGroup;
			children = (
				C4923A2120F556F500641EA9 /* FoodTime.app */,
			);
			name = Products;
			sourceTree = "<group>";
		};
		C4923A2320F556F500641EA9 /* FoodTime */ = {
			isa = PBXGroup;
			children = (
				F44C64AF2108011F003B8039 /* Protocol */,
				F42998B220FD46BA0035A717 /* FoodTime.entitlements */,
				C414FECA20F686B1008D5AE5 /* Controller */,
				C414FEC820F68614008D5AE5 /* Model */,
				C414FEC920F686AB008D5AE5 /* View */,
				C414FECB20F686BF008D5AE5 /* Supporting files */,
			);
			path = FoodTime;
			sourceTree = "<group>";
		};
		C4F848DC21092DFD009EDBBD /* TableViewCell */ = {
			isa = PBXGroup;
			children = (
				C4F848DD21092E17009EDBBD /* ChoiceTypeFoodTableViewCell.swift */,
				C4F848E121094215009EDBBD /* ChoiceTypeDrinkTableViewCell.swift */,
				F4F28CA5211139230095E29F /* SearchPlaceTableViewCell.swift */,
				F4F28CA72112AC660095E29F /* SearchPlaceDetailTableViewCell.swift */,
			);
			path = TableViewCell;
			sourceTree = "<group>";
		};
		C4F848E9210A6584009EDBBD /* Enum */ = {
			isa = PBXGroup;
			children = (
				C4F848EA210A65BD009EDBBD /* TypePlace.swift */,
				C4F848EE210A6B16009EDBBD /* TypeFood.swift */,
				C4F848F0210A6CD0009EDBBD /* TypeDrink.swift */,
			);
			path = Enum;
			sourceTree = "<group>";
		};
		F4121DF12106609200252594 /* Extension */ = {
			isa = PBXGroup;
			children = (
				F4121DF2210660AF00252594 /* UIViewController.swift */,
				F44C64AD2107FE43003B8039 /* UIPageViewController.swift */,
				F4F28CAF211396720095E29F /* CCLocationDistance.swift */,
				F4C244392117BED500EFC64E /* Float.swift */,
			);
			path = Extension;
			sourceTree = "<group>";
		};
		F44C64AF2108011F003B8039 /* Protocol */ = {
			isa = PBXGroup;
			children = (
				F44C64B021080137003B8039 /* PageObservation.swift */,
				C4A1A122210F8BD000DFC005 /* CaseIterable.swift */,
			);
			path = Protocol;
			sourceTree = "<group>";
		};
/* End PBXGroup section */

/* Begin PBXNativeTarget section */
		C4923A2020F556F500641EA9 /* FoodTime */ = {
			isa = PBXNativeTarget;
			buildConfigurationList = C4923A3320F556FD00641EA9 /* Build configuration list for PBXNativeTarget "FoodTime" */;
			buildPhases = (
				3F05900F344DD4685EB04E08 /* [CP] Check Pods Manifest.lock */,
				C4923A1D20F556F500641EA9 /* Sources */,
				C4923A1E20F556F500641EA9 /* Frameworks */,
				C4923A1F20F556F500641EA9 /* Resources */,
				11926D72C417DEEB977DBDA2 /* [CP] Embed Pods Frameworks */,
				0ADD513A9F496CE0686A3ECD /* [CP] Copy Pods Resources */,
			);
			buildRules = (
			);
			dependencies = (
			);
			name = FoodTime;
			productName = FoodTime;
			productReference = C4923A2120F556F500641EA9 /* FoodTime.app */;
			productType = "com.apple.product-type.application";
		};
/* End PBXNativeTarget section */

/* Begin PBXProject section */
		C4923A1920F556F400641EA9 /* Project object */ = {
			isa = PBXProject;
			attributes = {
				LastSwiftUpdateCheck = 0940;
				LastUpgradeCheck = 0940;
				ORGANIZATIONNAME = sanchisfloriane;
				TargetAttributes = {
					C4923A2020F556F500641EA9 = {
						CreatedOnToolsVersion = 9.4.1;
						SystemCapabilities = {
							com.apple.Keychain = {
								enabled = 1;
							};
						};
					};
				};
			};
			buildConfigurationList = C4923A1C20F556F400641EA9 /* Build configuration list for PBXProject "FoodTime" */;
			compatibilityVersion = "Xcode 9.3";
			developmentRegion = en;
			hasScannedForEncodings = 0;
			knownRegions = (
				en,
				Base,
				fr,
			);
			mainGroup = C4923A1820F556F400641EA9;
			productRefGroup = C4923A2220F556F500641EA9 /* Products */;
			projectDirPath = "";
			projectRoot = "";
			targets = (
				C4923A2020F556F500641EA9 /* FoodTime */,
			);
		};
/* End PBXProject section */

/* Begin PBXResourcesBuildPhase section */
		C4923A1F20F556F500641EA9 /* Resources */ = {
			isa = PBXResourcesBuildPhase;
			buildActionMask = 2147483647;
			files = (
				C45C9C0920FFA9F3004A4369 /* Localizable.strings in Resources */,
				C4923A2F20F556FD00641EA9 /* LaunchScreen.storyboard in Resources */,
				C4923A3720F5573100641EA9 /* GoogleService-Info.plist in Resources */,
				C4923A2C20F556FD00641EA9 /* Assets.xcassets in Resources */,
				C4923A2A20F556F500641EA9 /* Main.storyboard in Resources */,
				C45C9C0F20FFB6A9004A4369 /* Roboto in Resources */,
			);
			runOnlyForDeploymentPostprocessing = 0;
		};
/* End PBXResourcesBuildPhase section */

/* Begin PBXShellScriptBuildPhase section */
		0ADD513A9F496CE0686A3ECD /* [CP] Copy Pods Resources */ = {
			isa = PBXShellScriptBuildPhase;
			buildActionMask = 12;
			files = (
			);
			inputPaths = (
				"${SRCROOT}/Pods/Target Support Files/Pods-FoodTime/Pods-FoodTime-resources.sh",
				"${PODS_CONFIGURATION_BUILD_DIR}/FirebaseUI/FirebaseAuthUI.bundle",
				"${PODS_CONFIGURATION_BUILD_DIR}/FirebaseUI/FirebaseFacebookAuthUI.bundle",
				"${PODS_CONFIGURATION_BUILD_DIR}/FirebaseUI/FirebaseGoogleAuthUI.bundle",
				"${PODS_ROOT}/GoogleMaps/Maps/Frameworks/GoogleMaps.framework/Resources/GoogleMaps.bundle",
				"${PODS_ROOT}/GooglePlacePicker/Frameworks/GooglePlacePicker.framework/Resources/GooglePlacePicker.bundle",
				"${PODS_ROOT}/GooglePlaces/Frameworks/GooglePlaces.framework/Resources/GooglePlaces.bundle",
				"${PODS_ROOT}/GoogleSignIn/Resources/GoogleSignIn.bundle",
			);
			name = "[CP] Copy Pods Resources";
			outputPaths = (
				"${TARGET_BUILD_DIR}/${UNLOCALIZED_RESOURCES_FOLDER_PATH}/FirebaseAuthUI.bundle",
				"${TARGET_BUILD_DIR}/${UNLOCALIZED_RESOURCES_FOLDER_PATH}/FirebaseFacebookAuthUI.bundle",
				"${TARGET_BUILD_DIR}/${UNLOCALIZED_RESOURCES_FOLDER_PATH}/FirebaseGoogleAuthUI.bundle",
				"${TARGET_BUILD_DIR}/${UNLOCALIZED_RESOURCES_FOLDER_PATH}/GoogleMaps.bundle",
				"${TARGET_BUILD_DIR}/${UNLOCALIZED_RESOURCES_FOLDER_PATH}/GooglePlacePicker.bundle",
				"${TARGET_BUILD_DIR}/${UNLOCALIZED_RESOURCES_FOLDER_PATH}/GooglePlaces.bundle",
				"${TARGET_BUILD_DIR}/${UNLOCALIZED_RESOURCES_FOLDER_PATH}/GoogleSignIn.bundle",
			);
			runOnlyForDeploymentPostprocessing = 0;
			shellPath = /bin/sh;
			shellScript = "\"${SRCROOT}/Pods/Target Support Files/Pods-FoodTime/Pods-FoodTime-resources.sh\"\n";
			showEnvVarsInLog = 0;
		};
		11926D72C417DEEB977DBDA2 /* [CP] Embed Pods Frameworks */ = {
			isa = PBXShellScriptBuildPhase;
			buildActionMask = 12;
			files = (
			);
			inputPaths = (
				"${SRCROOT}/Pods/Target Support Files/Pods-FoodTime/Pods-FoodTime-frameworks.sh",
				"${BUILT_PRODUCTS_DIR}/Bolts/Bolts.framework",
				"${BUILT_PRODUCTS_DIR}/FBSDKCoreKit/FBSDKCoreKit.framework",
				"${BUILT_PRODUCTS_DIR}/FBSDKLoginKit/FBSDKLoginKit.framework",
				"${BUILT_PRODUCTS_DIR}/FBSDKShareKit/FBSDKShareKit.framework",
				"${BUILT_PRODUCTS_DIR}/FacebookCore/FacebookCore.framework",
				"${BUILT_PRODUCTS_DIR}/FacebookLogin/FacebookLogin.framework",
				"${BUILT_PRODUCTS_DIR}/GTMOAuth2/GTMOAuth2.framework",
				"${BUILT_PRODUCTS_DIR}/GTMSessionFetcher/GTMSessionFetcher.framework",
				"${BUILT_PRODUCTS_DIR}/GoogleToolboxForMac/GoogleToolboxForMac.framework",
				"${BUILT_PRODUCTS_DIR}/JGProgressHUD/JGProgressHUD.framework",
				"${BUILT_PRODUCTS_DIR}/Protobuf/Protobuf.framework",
				"${BUILT_PRODUCTS_DIR}/SwiftyJSON/SwiftyJSON.framework",
				"${BUILT_PRODUCTS_DIR}/UICheckbox.Swift/UICheckbox_Swift.framework",
				"${BUILT_PRODUCTS_DIR}/leveldb-library/leveldb.framework",
				"${BUILT_PRODUCTS_DIR}/nanopb/nanopb.framework",
			);
			name = "[CP] Embed Pods Frameworks";
			outputPaths = (
				"${TARGET_BUILD_DIR}/${FRAMEWORKS_FOLDER_PATH}/Bolts.framework",
				"${TARGET_BUILD_DIR}/${FRAMEWORKS_FOLDER_PATH}/FBSDKCoreKit.framework",
				"${TARGET_BUILD_DIR}/${FRAMEWORKS_FOLDER_PATH}/FBSDKLoginKit.framework",
				"${TARGET_BUILD_DIR}/${FRAMEWORKS_FOLDER_PATH}/FBSDKShareKit.framework",
				"${TARGET_BUILD_DIR}/${FRAMEWORKS_FOLDER_PATH}/FacebookCore.framework",
				"${TARGET_BUILD_DIR}/${FRAMEWORKS_FOLDER_PATH}/FacebookLogin.framework",
				"${TARGET_BUILD_DIR}/${FRAMEWORKS_FOLDER_PATH}/GTMOAuth2.framework",
				"${TARGET_BUILD_DIR}/${FRAMEWORKS_FOLDER_PATH}/GTMSessionFetcher.framework",
				"${TARGET_BUILD_DIR}/${FRAMEWORKS_FOLDER_PATH}/GoogleToolboxForMac.framework",
				"${TARGET_BUILD_DIR}/${FRAMEWORKS_FOLDER_PATH}/JGProgressHUD.framework",
				"${TARGET_BUILD_DIR}/${FRAMEWORKS_FOLDER_PATH}/Protobuf.framework",
				"${TARGET_BUILD_DIR}/${FRAMEWORKS_FOLDER_PATH}/SwiftyJSON.framework",
				"${TARGET_BUILD_DIR}/${FRAMEWORKS_FOLDER_PATH}/UICheckbox_Swift.framework",
				"${TARGET_BUILD_DIR}/${FRAMEWORKS_FOLDER_PATH}/leveldb.framework",
				"${TARGET_BUILD_DIR}/${FRAMEWORKS_FOLDER_PATH}/nanopb.framework",
			);
			runOnlyForDeploymentPostprocessing = 0;
			shellPath = /bin/sh;
			shellScript = "\"${SRCROOT}/Pods/Target Support Files/Pods-FoodTime/Pods-FoodTime-frameworks.sh\"\n";
			showEnvVarsInLog = 0;
		};
		3F05900F344DD4685EB04E08 /* [CP] Check Pods Manifest.lock */ = {
			isa = PBXShellScriptBuildPhase;
			buildActionMask = 12;
			files = (
			);
			inputPaths = (
				"${PODS_PODFILE_DIR_PATH}/Podfile.lock",
				"${PODS_ROOT}/Manifest.lock",
			);
			name = "[CP] Check Pods Manifest.lock";
			outputPaths = (
				"$(DERIVED_FILE_DIR)/Pods-FoodTime-checkManifestLockResult.txt",
			);
			runOnlyForDeploymentPostprocessing = 0;
			shellPath = /bin/sh;
			shellScript = "diff \"${PODS_PODFILE_DIR_PATH}/Podfile.lock\" \"${PODS_ROOT}/Manifest.lock\" > /dev/null\nif [ $? != 0 ] ; then\n    # print error to STDERR\n    echo \"error: The sandbox is not in sync with the Podfile.lock. Run 'pod install' or update your CocoaPods installation.\" >&2\n    exit 1\nfi\n# This output is used by Xcode 'outputs' to avoid re-running this script phase.\necho \"SUCCESS\" > \"${SCRIPT_OUTPUT_FILE_0}\"\n";
			showEnvVarsInLog = 0;
		};
/* End PBXShellScriptBuildPhase section */

/* Begin PBXSourcesBuildPhase section */
		C4923A1D20F556F500641EA9 /* Sources */ = {
			isa = PBXSourcesBuildPhase;
			buildActionMask = 2147483647;
			files = (
				C45C9BFE20F69A32004A4369 /* LoginViewController.swift in Sources */,
				C4F848EF210A6B16009EDBBD /* TypeFood.swift in Sources */,
				C4F848DE21092E17009EDBBD /* ChoiceTypeFoodTableViewCell.swift in Sources */,
				F42998B420FD50820035A717 /* Service.swift in Sources */,
				F4F28CAC211374DF0095E29F /* SearchPlaceMapViewController.swift in Sources */,
				F4A8ED6B21010DC6007FAB61 /* User.swift in Sources */,
				F44C64AA2107C514003B8039 /* ChoiceTypeFoodViewController.swift in Sources */,
				F471F5BD21112DC7001AA9E2 /* SearchPlaceViewController.swift in Sources */,
				F4121DF72106951C00252594 /* CreateUserAccountViewController.swift in Sources */,
				F4F28CB0211396720095E29F /* CCLocationDistance.swift in Sources */,
				F4121DF92106986D00252594 /* UIMessages.swift in Sources */,
				F44C64AC2107C5F7003B8039 /* ChoiceUserPageViewController.swift in Sources */,
				C4F848E6210A4E25009EDBBD /* Settings.swift in Sources */,
				C4F848EB210A65BD009EDBBD /* TypePlace.swift in Sources */,
				F4A8ED6F21014517007FAB61 /* HomeViewController.swift in Sources */,
				F4F28CAA2112AC890095E29F /* SearchPlaceDetailViewController.swift in Sources */,
				C4A1A123210F8BD000DFC005 /* CaseIterable.swift in Sources */,
				F4121DF3210660AF00252594 /* UIViewController.swift in Sources */,
				C4F848E021094078009EDBBD /* ChoiceTypeDrinkViewController.swift in Sources */,
				C4182B5C2108F7B1004AE88E /* ModelDB.swift in Sources */,
				F4F28CA6211139230095E29F /* SearchPlaceTableViewCell.swift in Sources */,
				F4121DF521068DA500252594 /* GetStartedChoiceCreationViewController.swift in Sources */,
				C45C9C0220FEAD58004A4369 /* UILabels.swift in Sources */,
				F4F28CA82112AC670095E29F /* SearchPlaceDetailTableViewCell.swift in Sources */,
				C4923A2520F556F500641EA9 /* AppDelegate.swift in Sources */,
				C4F848F1210A6CD0009EDBBD /* TypeDrink.swift in Sources */,
				F4A8ED6D21014507007FAB61 /* ChoicePlaceViewController.swift in Sources */,
				F4121DF02106585300252594 /* EmailLoginViewController.swift in Sources */,
				F44C64B121080137003B8039 /* PageObservation.swift in Sources */,
				C414FECD20F68EB1008D5AE5 /* GetStartedViewController.swift in Sources */,
				F4F28CB22113A94C0095E29F /* Place.swift in Sources */,
				C4F848E221094215009EDBBD /* ChoiceTypeDrinkTableViewCell.swift in Sources */,
				C4F848E4210A397C009EDBBD /* ChoiceNotificationViewController.swift in Sources */,
				F44C64AE2107FE43003B8039 /* UIPageViewController.swift in Sources */,
				F4C2443A2117BED500EFC64E /* Float.swift in Sources */,
				C4A1A125210F97F600DFC005 /* Tastes.swift in Sources */,
			);
			runOnlyForDeploymentPostprocessing = 0;
		};
/* End PBXSourcesBuildPhase section */

/* Begin PBXVariantGroup section */
		C45C9C0B20FFA9F3004A4369 /* Localizable.strings */ = {
			isa = PBXVariantGroup;
			children = (
				C45C9C0A20FFA9F3004A4369 /* en */,
				C45C9C0C20FFA9F5004A4369 /* fr */,
			);
			name = Localizable.strings;
			sourceTree = "<group>";
		};
		C4923A2820F556F500641EA9 /* Main.storyboard */ = {
			isa = PBXVariantGroup;
			children = (
				C4923A2920F556F500641EA9 /* Base */,
				C45C9C0020FEAAEC004A4369 /* en */,
				C45C9C0320FEB1B1004A4369 /* fr */,
			);
			name = Main.storyboard;
			sourceTree = "<group>";
		};
		C4923A2D20F556FD00641EA9 /* LaunchScreen.storyboard */ = {
			isa = PBXVariantGroup;
			children = (
				C4923A2E20F556FD00641EA9 /* Base */,
				C45C9C0420FEB1B1004A4369 /* fr */,
				C45C9C0620FFA930004A4369 /* en */,
			);
			name = LaunchScreen.storyboard;
			sourceTree = "<group>";
		};
/* End PBXVariantGroup section */

/* Begin XCBuildConfiguration section */
		C4923A3120F556FD00641EA9 /* Debug */ = {
			isa = XCBuildConfiguration;
			buildSettings = {
				ALWAYS_SEARCH_USER_PATHS = NO;
				CLANG_ANALYZER_LOCALIZABILITY_NONLOCALIZED = YES;
				CLANG_ANALYZER_NONNULL = YES;
				CLANG_ANALYZER_NUMBER_OBJECT_CONVERSION = YES_AGGRESSIVE;
				CLANG_CXX_LANGUAGE_STANDARD = "gnu++14";
				CLANG_CXX_LIBRARY = "libc++";
				CLANG_ENABLE_MODULES = YES;
				CLANG_ENABLE_OBJC_ARC = YES;
				CLANG_ENABLE_OBJC_WEAK = YES;
				CLANG_WARN_BLOCK_CAPTURE_AUTORELEASING = YES;
				CLANG_WARN_BOOL_CONVERSION = YES;
				CLANG_WARN_COMMA = YES;
				CLANG_WARN_CONSTANT_CONVERSION = YES;
				CLANG_WARN_DEPRECATED_OBJC_IMPLEMENTATIONS = YES;
				CLANG_WARN_DIRECT_OBJC_ISA_USAGE = YES_ERROR;
				CLANG_WARN_DOCUMENTATION_COMMENTS = YES;
				CLANG_WARN_EMPTY_BODY = YES;
				CLANG_WARN_ENUM_CONVERSION = YES;
				CLANG_WARN_INFINITE_RECURSION = YES;
				CLANG_WARN_INT_CONVERSION = YES;
				CLANG_WARN_NON_LITERAL_NULL_CONVERSION = YES;
				CLANG_WARN_OBJC_IMPLICIT_RETAIN_SELF = YES;
				CLANG_WARN_OBJC_LITERAL_CONVERSION = YES;
				CLANG_WARN_OBJC_ROOT_CLASS = YES_ERROR;
				CLANG_WARN_RANGE_LOOP_ANALYSIS = YES;
				CLANG_WARN_STRICT_PROTOTYPES = YES;
				CLANG_WARN_SUSPICIOUS_MOVE = YES;
				CLANG_WARN_UNGUARDED_AVAILABILITY = YES_AGGRESSIVE;
				CLANG_WARN_UNREACHABLE_CODE = YES;
				CLANG_WARN__DUPLICATE_METHOD_MATCH = YES;
				CODE_SIGN_IDENTITY = "iPhone Developer";
				COPY_PHASE_STRIP = NO;
				DEBUG_INFORMATION_FORMAT = dwarf;
				ENABLE_STRICT_OBJC_MSGSEND = YES;
				ENABLE_TESTABILITY = YES;
				GCC_C_LANGUAGE_STANDARD = gnu11;
				GCC_DYNAMIC_NO_PIC = NO;
				GCC_NO_COMMON_BLOCKS = YES;
				GCC_OPTIMIZATION_LEVEL = 0;
				GCC_PREPROCESSOR_DEFINITIONS = (
					"DEBUG=1",
					"$(inherited)",
				);
				GCC_WARN_64_TO_32_BIT_CONVERSION = YES;
				GCC_WARN_ABOUT_RETURN_TYPE = YES_ERROR;
				GCC_WARN_UNDECLARED_SELECTOR = YES;
				GCC_WARN_UNINITIALIZED_AUTOS = YES_AGGRESSIVE;
				GCC_WARN_UNUSED_FUNCTION = YES;
				GCC_WARN_UNUSED_VARIABLE = YES;
				IPHONEOS_DEPLOYMENT_TARGET = 11.4;
				MTL_ENABLE_DEBUG_INFO = YES;
				ONLY_ACTIVE_ARCH = YES;
				SDKROOT = iphoneos;
				SWIFT_ACTIVE_COMPILATION_CONDITIONS = DEBUG;
				SWIFT_OPTIMIZATION_LEVEL = "-Onone";
			};
			name = Debug;
		};
		C4923A3220F556FD00641EA9 /* Release */ = {
			isa = XCBuildConfiguration;
			buildSettings = {
				ALWAYS_SEARCH_USER_PATHS = NO;
				CLANG_ANALYZER_LOCALIZABILITY_NONLOCALIZED = YES;
				CLANG_ANALYZER_NONNULL = YES;
				CLANG_ANALYZER_NUMBER_OBJECT_CONVERSION = YES_AGGRESSIVE;
				CLANG_CXX_LANGUAGE_STANDARD = "gnu++14";
				CLANG_CXX_LIBRARY = "libc++";
				CLANG_ENABLE_MODULES = YES;
				CLANG_ENABLE_OBJC_ARC = YES;
				CLANG_ENABLE_OBJC_WEAK = YES;
				CLANG_WARN_BLOCK_CAPTURE_AUTORELEASING = YES;
				CLANG_WARN_BOOL_CONVERSION = YES;
				CLANG_WARN_COMMA = YES;
				CLANG_WARN_CONSTANT_CONVERSION = YES;
				CLANG_WARN_DEPRECATED_OBJC_IMPLEMENTATIONS = YES;
				CLANG_WARN_DIRECT_OBJC_ISA_USAGE = YES_ERROR;
				CLANG_WARN_DOCUMENTATION_COMMENTS = YES;
				CLANG_WARN_EMPTY_BODY = YES;
				CLANG_WARN_ENUM_CONVERSION = YES;
				CLANG_WARN_INFINITE_RECURSION = YES;
				CLANG_WARN_INT_CONVERSION = YES;
				CLANG_WARN_NON_LITERAL_NULL_CONVERSION = YES;
				CLANG_WARN_OBJC_IMPLICIT_RETAIN_SELF = YES;
				CLANG_WARN_OBJC_LITERAL_CONVERSION = YES;
				CLANG_WARN_OBJC_ROOT_CLASS = YES_ERROR;
				CLANG_WARN_RANGE_LOOP_ANALYSIS = YES;
				CLANG_WARN_STRICT_PROTOTYPES = YES;
				CLANG_WARN_SUSPICIOUS_MOVE = YES;
				CLANG_WARN_UNGUARDED_AVAILABILITY = YES_AGGRESSIVE;
				CLANG_WARN_UNREACHABLE_CODE = YES;
				CLANG_WARN__DUPLICATE_METHOD_MATCH = YES;
				CODE_SIGN_IDENTITY = "iPhone Developer";
				COPY_PHASE_STRIP = NO;
				DEBUG_INFORMATION_FORMAT = "dwarf-with-dsym";
				ENABLE_NS_ASSERTIONS = NO;
				ENABLE_STRICT_OBJC_MSGSEND = YES;
				GCC_C_LANGUAGE_STANDARD = gnu11;
				GCC_NO_COMMON_BLOCKS = YES;
				GCC_WARN_64_TO_32_BIT_CONVERSION = YES;
				GCC_WARN_ABOUT_RETURN_TYPE = YES_ERROR;
				GCC_WARN_UNDECLARED_SELECTOR = YES;
				GCC_WARN_UNINITIALIZED_AUTOS = YES_AGGRESSIVE;
				GCC_WARN_UNUSED_FUNCTION = YES;
				GCC_WARN_UNUSED_VARIABLE = YES;
				IPHONEOS_DEPLOYMENT_TARGET = 11.4;
				MTL_ENABLE_DEBUG_INFO = NO;
				SDKROOT = iphoneos;
				SWIFT_COMPILATION_MODE = wholemodule;
				SWIFT_OPTIMIZATION_LEVEL = "-O";
				VALIDATE_PRODUCT = YES;
			};
			name = Release;
		};
		C4923A3420F556FD00641EA9 /* Debug */ = {
			isa = XCBuildConfiguration;
			baseConfigurationReference = 5F2167EDE4B7B1C0E2D9FDDC /* Pods-FoodTime.debug.xcconfig */;
			buildSettings = {
				ASSETCATALOG_COMPILER_APPICON_NAME = AppIcon;
				CODE_SIGN_ENTITLEMENTS = FoodTime/FoodTime.entitlements;
				CODE_SIGN_STYLE = Automatic;
				DEVELOPMENT_TEAM = TB5UC2S533;
				INFOPLIST_FILE = "FoodTime/Supporting files/Info.plist";
				LD_RUNPATH_SEARCH_PATHS = (
					"$(inherited)",
					"@executable_path/Frameworks",
				);
				PRODUCT_BUNDLE_IDENTIFIER = com.sanchisfloriane.FoodTime;
				PRODUCT_NAME = "$(TARGET_NAME)";
				SWIFT_VERSION = 4.0;
				TARGETED_DEVICE_FAMILY = "1,2";
			};
			name = Debug;
		};
		C4923A3520F556FD00641EA9 /* Release */ = {
			isa = XCBuildConfiguration;
			baseConfigurationReference = DD15A0B6A377C607834AE140 /* Pods-FoodTime.release.xcconfig */;
			buildSettings = {
				ASSETCATALOG_COMPILER_APPICON_NAME = AppIcon;
				CODE_SIGN_ENTITLEMENTS = FoodTime/FoodTime.entitlements;
				CODE_SIGN_STYLE = Automatic;
				DEVELOPMENT_TEAM = TB5UC2S533;
				INFOPLIST_FILE = "FoodTime/Supporting files/Info.plist";
				LD_RUNPATH_SEARCH_PATHS = (
					"$(inherited)",
					"@executable_path/Frameworks",
				);
				PRODUCT_BUNDLE_IDENTIFIER = com.sanchisfloriane.FoodTime;
				PRODUCT_NAME = "$(TARGET_NAME)";
				SWIFT_VERSION = 4.0;
				TARGETED_DEVICE_FAMILY = "1,2";
			};
			name = Release;
		};
/* End XCBuildConfiguration section */

/* Begin XCConfigurationList section */
		C4923A1C20F556F400641EA9 /* Build configuration list for PBXProject "FoodTime" */ = {
			isa = XCConfigurationList;
			buildConfigurations = (
				C4923A3120F556FD00641EA9 /* Debug */,
				C4923A3220F556FD00641EA9 /* Release */,
			);
			defaultConfigurationIsVisible = 0;
			defaultConfigurationName = Release;
		};
		C4923A3320F556FD00641EA9 /* Build configuration list for PBXNativeTarget "FoodTime" */ = {
			isa = XCConfigurationList;
			buildConfigurations = (
				C4923A3420F556FD00641EA9 /* Debug */,
				C4923A3520F556FD00641EA9 /* Release */,
			);
			defaultConfigurationIsVisible = 0;
			defaultConfigurationName = Release;
		};
/* End XCConfigurationList section */
	};
	rootObject = C4923A1920F556F400641EA9 /* Project object */;
}
